// !$*UTF8*$!
{
	archiveVersion = 1;
	classes = {
	};
	objectVersion = 56;
	objects = {

/* Begin PBXBuildFile section */
		680E40782BCC456C0070E491 /* LocalGamePlayManager.swift in Sources */ = {isa = PBXBuildFile; fileRef = 680E40772BCC456C0070E491 /* LocalGamePlayManager.swift */; };
		680E407A2BCC5BDD0070E491 /* MafiaView.swift in Sources */ = {isa = PBXBuildFile; fileRef = 680E40792BCC5BDD0070E491 /* MafiaView.swift */; };
		680E407C2BCC5BFC0070E491 /* DetectiveView.swift in Sources */ = {isa = PBXBuildFile; fileRef = 680E407B2BCC5BFC0070E491 /* DetectiveView.swift */; };
		680E407E2BCC5C1F0070E491 /* DoctorView.swift in Sources */ = {isa = PBXBuildFile; fileRef = 680E407D2BCC5C1F0070E491 /* DoctorView.swift */; };
		680E40802BCC5C2B0070E491 /* CivillianView.swift in Sources */ = {isa = PBXBuildFile; fileRef = 680E407F2BCC5C2B0070E491 /* CivillianView.swift */; };
		681EA7392BCEFF04000C343C /* WaitingForDayView.swift in Sources */ = {isa = PBXBuildFile; fileRef = 681EA7382BCEFF04000C343C /* WaitingForDayView.swift */; };
		681FB5192BC9E761005F2826 /* NightRootView.swift in Sources */ = {isa = PBXBuildFile; fileRef = 681FB5182BC9E761005F2826 /* NightRootView.swift */; };
		681FB51B2BC9ED74005F2826 /* DayView.swift in Sources */ = {isa = PBXBuildFile; fileRef = 681FB51A2BC9ED74005F2826 /* DayView.swift */; };
		682989062B9D938600F1EE2E /* GameDatabaseManager.swift in Sources */ = {isa = PBXBuildFile; fileRef = 682989052B9D938600F1EE2E /* GameDatabaseManager.swift */; };
		683460CE2B9F52CF0047BA63 /* AuthenticationManager.swift in Sources */ = {isa = PBXBuildFile; fileRef = 683460CD2B9F52CF0047BA63 /* AuthenticationManager.swift */; };
		683460D32B9F57370047BA63 /* GameIdManager.swift in Sources */ = {isa = PBXBuildFile; fileRef = 683460D22B9F57370047BA63 /* GameIdManager.swift */; };
		684149CA2BD09DFC00838690 /* MafiaListRowView.swift in Sources */ = {isa = PBXBuildFile; fileRef = 684149C92BD09DFC00838690 /* MafiaListRowView.swift */; };
		6844125A2B9E42D400CE81C8 /* CreateGameView.swift in Sources */ = {isa = PBXBuildFile; fileRef = 684412592B9E42D400CE81C8 /* CreateGameView.swift */; };
		6844125C2B9E447100CE81C8 /* WaitingForPlayersView.swift in Sources */ = {isa = PBXBuildFile; fileRef = 6844125B2B9E447100CE81C8 /* WaitingForPlayersView.swift */; };
		6844125E2B9E8BC700CE81C8 /* PlayerListRowView.swift in Sources */ = {isa = PBXBuildFile; fileRef = 6844125D2B9E8BC700CE81C8 /* PlayerListRowView.swift */; };
		686A78682BD2A1F300CD7DE4 /* VictimListRowView.swift in Sources */ = {isa = PBXBuildFile; fileRef = 686A78672BD2A1F300CD7DE4 /* VictimListRowView.swift */; };
		686AEAEC2BD6E7EB005C3D1C /* addFakePlayer.swift in Sources */ = {isa = PBXBuildFile; fileRef = 686AEAEB2BD6E7EB005C3D1C /* addFakePlayer.swift */; };
		687162412B9D6559000C4674 /* FirebaseFirestore in Frameworks */ = {isa = PBXBuildFile; productRef = 687162402B9D6559000C4674 /* FirebaseFirestore */; };
		687162432B9D6559000C4674 /* FirebaseFirestoreSwift in Frameworks */ = {isa = PBXBuildFile; productRef = 687162422B9D6559000C4674 /* FirebaseFirestoreSwift */; };
		687F4EA32B9D6D1C006B4FDF /* JoinGameView.swift in Sources */ = {isa = PBXBuildFile; fileRef = 687F4EA22B9D6D1C006B4FDF /* JoinGameView.swift */; };
		687F4EA62B9D6F47006B4FDF /* UserDatabaseManager.swift in Sources */ = {isa = PBXBuildFile; fileRef = 687F4EA52B9D6F47006B4FDF /* UserDatabaseManager.swift */; };
		689761732BDEE960005BB8D0 /* SunsetView.swift in Sources */ = {isa = PBXBuildFile; fileRef = 689761722BDEE960005BB8D0 /* SunsetView.swift */; };
		68AE11F62BDEFA2F000D0CE1 /* SunriseView.swift in Sources */ = {isa = PBXBuildFile; fileRef = 68AE11F52BDEFA2F000D0CE1 /* SunriseView.swift */; };
		68B37B392B7306EA00C899CE /* mafiaApp.swift in Sources */ = {isa = PBXBuildFile; fileRef = 68B37B382B7306EA00C899CE /* mafiaApp.swift */; };
		68B37B3B2B7306EA00C899CE /* FirstTimeView.swift in Sources */ = {isa = PBXBuildFile; fileRef = 68B37B3A2B7306EA00C899CE /* FirstTimeView.swift */; };
		68B37B3D2B7306EA00C899CE /* Item.swift in Sources */ = {isa = PBXBuildFile; fileRef = 68B37B3C2B7306EA00C899CE /* Item.swift */; };
		68B37B3F2B7306EB00C899CE /* Assets.xcassets in Resources */ = {isa = PBXBuildFile; fileRef = 68B37B3E2B7306EB00C899CE /* Assets.xcassets */; };
		68B37B432B7306EB00C899CE /* Preview Assets.xcassets in Resources */ = {isa = PBXBuildFile; fileRef = 68B37B422B7306EB00C899CE /* Preview Assets.xcassets */; };
		68B37B4D2B7306EB00C899CE /* mafiaTests.swift in Sources */ = {isa = PBXBuildFile; fileRef = 68B37B4C2B7306EB00C899CE /* mafiaTests.swift */; };
		68B37B572B7306EB00C899CE /* mafiaUITests.swift in Sources */ = {isa = PBXBuildFile; fileRef = 68B37B562B7306EB00C899CE /* mafiaUITests.swift */; };
		68B37B592B7306EB00C899CE /* mafiaUITestsLaunchTests.swift in Sources */ = {isa = PBXBuildFile; fileRef = 68B37B582B7306EB00C899CE /* mafiaUITestsLaunchTests.swift */; };
		68DA90702BD1D80F008DF5FD /* DetectiveListRowView.swift in Sources */ = {isa = PBXBuildFile; fileRef = 68DA906F2BD1D80F008DF5FD /* DetectiveListRowView.swift */; };
		68DA90722BD1D8B6008DF5FD /* DoctorListRowView.swift in Sources */ = {isa = PBXBuildFile; fileRef = 68DA90712BD1D8B6008DF5FD /* DoctorListRowView.swift */; };
		68DA90742BD1DB56008DF5FD /* DayListRowView.swift in Sources */ = {isa = PBXBuildFile; fileRef = 68DA90732BD1DB56008DF5FD /* DayListRowView.swift */; };
		68FB48AD2B9B584300974225 /* CreateProfile.swift in Sources */ = {isa = PBXBuildFile; fileRef = 68FB48AC2B9B584300974225 /* CreateProfile.swift */; };
		68FB48AF2B9B594D00974225 /* GoogleService-Info.plist in Resources */ = {isa = PBXBuildFile; fileRef = 68FB48AE2B9B594D00974225 /* GoogleService-Info.plist */; };
		68FB48B02B9B594D00974225 /* GoogleService-Info.plist in Resources */ = {isa = PBXBuildFile; fileRef = 68FB48AE2B9B594D00974225 /* GoogleService-Info.plist */; };
		68FB48B12B9B594D00974225 /* GoogleService-Info.plist in Resources */ = {isa = PBXBuildFile; fileRef = 68FB48AE2B9B594D00974225 /* GoogleService-Info.plist */; };
		68FB48B42B9B59F900974225 /* FirebaseAnalytics in Frameworks */ = {isa = PBXBuildFile; productRef = 68FB48B32B9B59F900974225 /* FirebaseAnalytics */; };
		68FB48B62B9B59F900974225 /* FirebaseAnalyticsSwift in Frameworks */ = {isa = PBXBuildFile; productRef = 68FB48B52B9B59F900974225 /* FirebaseAnalyticsSwift */; };
		68FB48B92B9B5A1700974225 /* FirebaseAuth in Frameworks */ = {isa = PBXBuildFile; productRef = 68FB48B82B9B5A1700974225 /* FirebaseAuth */; };
		68FB48BB2B9B5A3500974225 /* RootView.swift in Sources */ = {isa = PBXBuildFile; fileRef = 68FB48BA2B9B5A3500974225 /* RootView.swift */; };
		68FB48C32B9B5C6000974225 /* HomeView.swift in Sources */ = {isa = PBXBuildFile; fileRef = 68FB48C22B9B5C6000974225 /* HomeView.swift */; };
/* End PBXBuildFile section */

/* Begin PBXContainerItemProxy section */
		68B37B492B7306EB00C899CE /* PBXContainerItemProxy */ = {
			isa = PBXContainerItemProxy;
			containerPortal = 68B37B2D2B7306EA00C899CE /* Project object */;
			proxyType = 1;
			remoteGlobalIDString = 68B37B342B7306EA00C899CE;
			remoteInfo = mafia;
		};
		68B37B532B7306EB00C899CE /* PBXContainerItemProxy */ = {
			isa = PBXContainerItemProxy;
			containerPortal = 68B37B2D2B7306EA00C899CE /* Project object */;
			proxyType = 1;
			remoteGlobalIDString = 68B37B342B7306EA00C899CE;
			remoteInfo = mafia;
		};
/* End PBXContainerItemProxy section */

/* Begin PBXFileReference section */
		680E40772BCC456C0070E491 /* LocalGamePlayManager.swift */ = {isa = PBXFileReference; lastKnownFileType = sourcecode.swift; path = LocalGamePlayManager.swift; sourceTree = "<group>"; };
		680E40792BCC5BDD0070E491 /* MafiaView.swift */ = {isa = PBXFileReference; lastKnownFileType = sourcecode.swift; path = MafiaView.swift; sourceTree = "<group>"; };
		680E407B2BCC5BFC0070E491 /* DetectiveView.swift */ = {isa = PBXFileReference; lastKnownFileType = sourcecode.swift; path = DetectiveView.swift; sourceTree = "<group>"; };
		680E407D2BCC5C1F0070E491 /* DoctorView.swift */ = {isa = PBXFileReference; lastKnownFileType = sourcecode.swift; path = DoctorView.swift; sourceTree = "<group>"; };
		680E407F2BCC5C2B0070E491 /* CivillianView.swift */ = {isa = PBXFileReference; lastKnownFileType = sourcecode.swift; path = CivillianView.swift; sourceTree = "<group>"; };
		681EA7382BCEFF04000C343C /* WaitingForDayView.swift */ = {isa = PBXFileReference; lastKnownFileType = sourcecode.swift; path = WaitingForDayView.swift; sourceTree = "<group>"; };
		681FB5182BC9E761005F2826 /* NightRootView.swift */ = {isa = PBXFileReference; lastKnownFileType = sourcecode.swift; path = NightRootView.swift; sourceTree = "<group>"; };
		681FB51A2BC9ED74005F2826 /* DayView.swift */ = {isa = PBXFileReference; lastKnownFileType = sourcecode.swift; path = DayView.swift; sourceTree = "<group>"; };
		682989052B9D938600F1EE2E /* GameDatabaseManager.swift */ = {isa = PBXFileReference; lastKnownFileType = sourcecode.swift; path = GameDatabaseManager.swift; sourceTree = "<group>"; };
		683460CD2B9F52CF0047BA63 /* AuthenticationManager.swift */ = {isa = PBXFileReference; lastKnownFileType = sourcecode.swift; path = AuthenticationManager.swift; sourceTree = "<group>"; };
		683460D22B9F57370047BA63 /* GameIdManager.swift */ = {isa = PBXFileReference; lastKnownFileType = sourcecode.swift; path = GameIdManager.swift; sourceTree = "<group>"; };
		684149C92BD09DFC00838690 /* MafiaListRowView.swift */ = {isa = PBXFileReference; lastKnownFileType = sourcecode.swift; path = MafiaListRowView.swift; sourceTree = "<group>"; };
		684412592B9E42D400CE81C8 /* CreateGameView.swift */ = {isa = PBXFileReference; lastKnownFileType = sourcecode.swift; path = CreateGameView.swift; sourceTree = "<group>"; };
		6844125B2B9E447100CE81C8 /* WaitingForPlayersView.swift */ = {isa = PBXFileReference; lastKnownFileType = sourcecode.swift; path = WaitingForPlayersView.swift; sourceTree = "<group>"; };
		6844125D2B9E8BC700CE81C8 /* PlayerListRowView.swift */ = {isa = PBXFileReference; lastKnownFileType = sourcecode.swift; path = PlayerListRowView.swift; sourceTree = "<group>"; };
		686A78672BD2A1F300CD7DE4 /* VictimListRowView.swift */ = {isa = PBXFileReference; lastKnownFileType = sourcecode.swift; path = VictimListRowView.swift; sourceTree = "<group>"; };
		686AEAEB2BD6E7EB005C3D1C /* addFakePlayer.swift */ = {isa = PBXFileReference; lastKnownFileType = sourcecode.swift; path = addFakePlayer.swift; sourceTree = "<group>"; };
		687F4EA22B9D6D1C006B4FDF /* JoinGameView.swift */ = {isa = PBXFileReference; lastKnownFileType = sourcecode.swift; path = JoinGameView.swift; sourceTree = "<group>"; };
		687F4EA52B9D6F47006B4FDF /* UserDatabaseManager.swift */ = {isa = PBXFileReference; lastKnownFileType = sourcecode.swift; path = UserDatabaseManager.swift; sourceTree = "<group>"; };
		689761722BDEE960005BB8D0 /* SunsetView.swift */ = {isa = PBXFileReference; lastKnownFileType = sourcecode.swift; path = SunsetView.swift; sourceTree = "<group>"; };
		68AE11F52BDEFA2F000D0CE1 /* SunriseView.swift */ = {isa = PBXFileReference; lastKnownFileType = sourcecode.swift; path = SunriseView.swift; sourceTree = "<group>"; };
		68B37B352B7306EA00C899CE /* mafia.app */ = {isa = PBXFileReference; explicitFileType = wrapper.application; includeInIndex = 0; path = mafia.app; sourceTree = BUILT_PRODUCTS_DIR; };
		68B37B382B7306EA00C899CE /* mafiaApp.swift */ = {isa = PBXFileReference; lastKnownFileType = sourcecode.swift; path = mafiaApp.swift; sourceTree = "<group>"; };
		68B37B3A2B7306EA00C899CE /* FirstTimeView.swift */ = {isa = PBXFileReference; lastKnownFileType = sourcecode.swift; path = FirstTimeView.swift; sourceTree = "<group>"; };
		68B37B3C2B7306EA00C899CE /* Item.swift */ = {isa = PBXFileReference; lastKnownFileType = sourcecode.swift; path = Item.swift; sourceTree = "<group>"; };
		68B37B3E2B7306EB00C899CE /* Assets.xcassets */ = {isa = PBXFileReference; lastKnownFileType = folder.assetcatalog; path = Assets.xcassets; sourceTree = "<group>"; };
		68B37B402B7306EB00C899CE /* mafia.entitlements */ = {isa = PBXFileReference; lastKnownFileType = text.plist.entitlements; path = mafia.entitlements; sourceTree = "<group>"; };
		68B37B422B7306EB00C899CE /* Preview Assets.xcassets */ = {isa = PBXFileReference; lastKnownFileType = folder.assetcatalog; path = "Preview Assets.xcassets"; sourceTree = "<group>"; };
		68B37B482B7306EB00C899CE /* mafiaTests.xctest */ = {isa = PBXFileReference; explicitFileType = wrapper.cfbundle; includeInIndex = 0; path = mafiaTests.xctest; sourceTree = BUILT_PRODUCTS_DIR; };
		68B37B4C2B7306EB00C899CE /* mafiaTests.swift */ = {isa = PBXFileReference; lastKnownFileType = sourcecode.swift; path = mafiaTests.swift; sourceTree = "<group>"; };
		68B37B522B7306EB00C899CE /* mafiaUITests.xctest */ = {isa = PBXFileReference; explicitFileType = wrapper.cfbundle; includeInIndex = 0; path = mafiaUITests.xctest; sourceTree = BUILT_PRODUCTS_DIR; };
		68B37B562B7306EB00C899CE /* mafiaUITests.swift */ = {isa = PBXFileReference; lastKnownFileType = sourcecode.swift; path = mafiaUITests.swift; sourceTree = "<group>"; };
		68B37B582B7306EB00C899CE /* mafiaUITestsLaunchTests.swift */ = {isa = PBXFileReference; lastKnownFileType = sourcecode.swift; path = mafiaUITestsLaunchTests.swift; sourceTree = "<group>"; };
		68DA906F2BD1D80F008DF5FD /* DetectiveListRowView.swift */ = {isa = PBXFileReference; lastKnownFileType = sourcecode.swift; path = DetectiveListRowView.swift; sourceTree = "<group>"; };
		68DA90712BD1D8B6008DF5FD /* DoctorListRowView.swift */ = {isa = PBXFileReference; lastKnownFileType = sourcecode.swift; path = DoctorListRowView.swift; sourceTree = "<group>"; };
		68DA90732BD1DB56008DF5FD /* DayListRowView.swift */ = {isa = PBXFileReference; lastKnownFileType = sourcecode.swift; path = DayListRowView.swift; sourceTree = "<group>"; };
		68FB48AC2B9B584300974225 /* CreateProfile.swift */ = {isa = PBXFileReference; lastKnownFileType = sourcecode.swift; path = CreateProfile.swift; sourceTree = "<group>"; };
		68FB48AE2B9B594D00974225 /* GoogleService-Info.plist */ = {isa = PBXFileReference; fileEncoding = 4; lastKnownFileType = text.plist.xml; path = "GoogleService-Info.plist"; sourceTree = "<group>"; };
		68FB48BA2B9B5A3500974225 /* RootView.swift */ = {isa = PBXFileReference; lastKnownFileType = sourcecode.swift; path = RootView.swift; sourceTree = "<group>"; };
		68FB48C22B9B5C6000974225 /* HomeView.swift */ = {isa = PBXFileReference; lastKnownFileType = sourcecode.swift; path = HomeView.swift; sourceTree = "<group>"; };
/* End PBXFileReference section */

/* Begin PBXFrameworksBuildPhase section */
		68B37B322B7306EA00C899CE /* Frameworks */ = {
			isa = PBXFrameworksBuildPhase;
			buildActionMask = 2147483647;
			files = (
				687162432B9D6559000C4674 /* FirebaseFirestoreSwift in Frameworks */,
				68FB48B62B9B59F900974225 /* FirebaseAnalyticsSwift in Frameworks */,
				687162412B9D6559000C4674 /* FirebaseFirestore in Frameworks */,
				68FB48B92B9B5A1700974225 /* FirebaseAuth in Frameworks */,
				68FB48B42B9B59F900974225 /* FirebaseAnalytics in Frameworks */,
			);
			runOnlyForDeploymentPostprocessing = 0;
		};
		68B37B452B7306EB00C899CE /* Frameworks */ = {
			isa = PBXFrameworksBuildPhase;
			buildActionMask = 2147483647;
			files = (
			);
			runOnlyForDeploymentPostprocessing = 0;
		};
		68B37B4F2B7306EB00C899CE /* Frameworks */ = {
			isa = PBXFrameworksBuildPhase;
			buildActionMask = 2147483647;
			files = (
			);
			runOnlyForDeploymentPostprocessing = 0;
		};
/* End PBXFrameworksBuildPhase section */

/* Begin PBXGroup section */
		683460CA2B9F474E0047BA63 /* Behind the Scenes */ = {
			isa = PBXGroup;
			children = (
				683460CD2B9F52CF0047BA63 /* AuthenticationManager.swift */,
				687F4EA52B9D6F47006B4FDF /* UserDatabaseManager.swift */,
				682989052B9D938600F1EE2E /* GameDatabaseManager.swift */,
				680E40772BCC456C0070E491 /* LocalGamePlayManager.swift */,
				683460D22B9F57370047BA63 /* GameIdManager.swift */,
				686AEAEB2BD6E7EB005C3D1C /* addFakePlayer.swift */,
				68B37B3C2B7306EA00C899CE /* Item.swift */,
			);
			path = "Behind the Scenes";
			sourceTree = "<group>";
		};
		683460CB2B9F47770047BA63 /* Visable */ = {
			isa = PBXGroup;
			children = (
				68D892482B9F5E8D001DF4FE /* OpeningScreens */,
				683460CC2B9F47C50047BA63 /* GameSetup */,
				683460CF2B9F53310047BA63 /* InGame */,
			);
			path = Visable;
			sourceTree = "<group>";
		};
		683460CC2B9F47C50047BA63 /* GameSetup */ = {
			isa = PBXGroup;
			children = (
				684412592B9E42D400CE81C8 /* CreateGameView.swift */,
				687F4EA22B9D6D1C006B4FDF /* JoinGameView.swift */,
				6844125B2B9E447100CE81C8 /* WaitingForPlayersView.swift */,
				6844125D2B9E8BC700CE81C8 /* PlayerListRowView.swift */,
			);
			path = GameSetup;
			sourceTree = "<group>";
		};
		683460CF2B9F53310047BA63 /* InGame */ = {
			isa = PBXGroup;
			children = (
				681FB5182BC9E761005F2826 /* NightRootView.swift */,
				681FB51A2BC9ED74005F2826 /* DayView.swift */,
				68DA90732BD1DB56008DF5FD /* DayListRowView.swift */,
				680E40792BCC5BDD0070E491 /* MafiaView.swift */,
				684149C92BD09DFC00838690 /* MafiaListRowView.swift */,
				686A78672BD2A1F300CD7DE4 /* VictimListRowView.swift */,
				680E407B2BCC5BFC0070E491 /* DetectiveView.swift */,
				68DA906F2BD1D80F008DF5FD /* DetectiveListRowView.swift */,
				680E407D2BCC5C1F0070E491 /* DoctorView.swift */,
				68DA90712BD1D8B6008DF5FD /* DoctorListRowView.swift */,
				680E407F2BCC5C2B0070E491 /* CivillianView.swift */,
				681EA7382BCEFF04000C343C /* WaitingForDayView.swift */,
				689761722BDEE960005BB8D0 /* SunsetView.swift */,
				68AE11F52BDEFA2F000D0CE1 /* SunriseView.swift */,
			);
			path = InGame;
			sourceTree = "<group>";
		};
		68B37B2C2B7306EA00C899CE = {
			isa = PBXGroup;
			children = (
				68B37B372B7306EA00C899CE /* mafia */,
				68B37B4B2B7306EB00C899CE /* mafiaTests */,
				68B37B552B7306EB00C899CE /* mafiaUITests */,
				68B37B362B7306EA00C899CE /* Products */,
				68FB48B72B9B5A1700974225 /* Frameworks */,
			);
			sourceTree = "<group>";
		};
		68B37B362B7306EA00C899CE /* Products */ = {
			isa = PBXGroup;
			children = (
				68B37B352B7306EA00C899CE /* mafia.app */,
				68B37B482B7306EB00C899CE /* mafiaTests.xctest */,
				68B37B522B7306EB00C899CE /* mafiaUITests.xctest */,
			);
			name = Products;
			sourceTree = "<group>";
		};
		68B37B372B7306EA00C899CE /* mafia */ = {
			isa = PBXGroup;
			children = (
				68B37B382B7306EA00C899CE /* mafiaApp.swift */,
				683460CB2B9F47770047BA63 /* Visable */,
				683460CA2B9F474E0047BA63 /* Behind the Scenes */,
				68FB48AE2B9B594D00974225 /* GoogleService-Info.plist */,
				68B37B3E2B7306EB00C899CE /* Assets.xcassets */,
				68B37B402B7306EB00C899CE /* mafia.entitlements */,
				68B37B412B7306EB00C899CE /* Preview Content */,
			);
			path = mafia;
			sourceTree = "<group>";
		};
		68B37B412B7306EB00C899CE /* Preview Content */ = {
			isa = PBXGroup;
			children = (
				68B37B422B7306EB00C899CE /* Preview Assets.xcassets */,
			);
			path = "Preview Content";
			sourceTree = "<group>";
		};
		68B37B4B2B7306EB00C899CE /* mafiaTests */ = {
			isa = PBXGroup;
			children = (
				68B37B4C2B7306EB00C899CE /* mafiaTests.swift */,
			);
			path = mafiaTests;
			sourceTree = "<group>";
		};
		68B37B552B7306EB00C899CE /* mafiaUITests */ = {
			isa = PBXGroup;
			children = (
				68B37B562B7306EB00C899CE /* mafiaUITests.swift */,
				68B37B582B7306EB00C899CE /* mafiaUITestsLaunchTests.swift */,
			);
			path = mafiaUITests;
			sourceTree = "<group>";
		};
		68D892482B9F5E8D001DF4FE /* OpeningScreens */ = {
			isa = PBXGroup;
			children = (
				68FB48BA2B9B5A3500974225 /* RootView.swift */,
				68B37B3A2B7306EA00C899CE /* FirstTimeView.swift */,
				68FB48AC2B9B584300974225 /* CreateProfile.swift */,
				68FB48C22B9B5C6000974225 /* HomeView.swift */,
			);
			path = OpeningScreens;
			sourceTree = "<group>";
		};
		68FB48B72B9B5A1700974225 /* Frameworks */ = {
			isa = PBXGroup;
			children = (
			);
			name = Frameworks;
			sourceTree = "<group>";
		};
/* End PBXGroup section */

/* Begin PBXNativeTarget section */
		68B37B342B7306EA00C899CE /* mafia */ = {
			isa = PBXNativeTarget;
			buildConfigurationList = 68B37B5C2B7306EB00C899CE /* Build configuration list for PBXNativeTarget "mafia" */;
			buildPhases = (
				68B37B312B7306EA00C899CE /* Sources */,
				68B37B322B7306EA00C899CE /* Frameworks */,
				68B37B332B7306EA00C899CE /* Resources */,
			);
			buildRules = (
			);
			dependencies = (
			);
			name = mafia;
			packageProductDependencies = (
				68FB48B32B9B59F900974225 /* FirebaseAnalytics */,
				68FB48B52B9B59F900974225 /* FirebaseAnalyticsSwift */,
				68FB48B82B9B5A1700974225 /* FirebaseAuth */,
				687162402B9D6559000C4674 /* FirebaseFirestore */,
				687162422B9D6559000C4674 /* FirebaseFirestoreSwift */,
			);
			productName = mafia;
			productReference = 68B37B352B7306EA00C899CE /* mafia.app */;
			productType = "com.apple.product-type.application";
		};
		68B37B472B7306EB00C899CE /* mafiaTests */ = {
			isa = PBXNativeTarget;
			buildConfigurationList = 68B37B5F2B7306EB00C899CE /* Build configuration list for PBXNativeTarget "mafiaTests" */;
			buildPhases = (
				68B37B442B7306EB00C899CE /* Sources */,
				68B37B452B7306EB00C899CE /* Frameworks */,
				68B37B462B7306EB00C899CE /* Resources */,
			);
			buildRules = (
			);
			dependencies = (
				68B37B4A2B7306EB00C899CE /* PBXTargetDependency */,
			);
			name = mafiaTests;
			productName = mafiaTests;
			productReference = 68B37B482B7306EB00C899CE /* mafiaTests.xctest */;
			productType = "com.apple.product-type.bundle.unit-test";
		};
		68B37B512B7306EB00C899CE /* mafiaUITests */ = {
			isa = PBXNativeTarget;
			buildConfigurationList = 68B37B622B7306EB00C899CE /* Build configuration list for PBXNativeTarget "mafiaUITests" */;
			buildPhases = (
				68B37B4E2B7306EB00C899CE /* Sources */,
				68B37B4F2B7306EB00C899CE /* Frameworks */,
				68B37B502B7306EB00C899CE /* Resources */,
			);
			buildRules = (
			);
			dependencies = (
				68B37B542B7306EB00C899CE /* PBXTargetDependency */,
			);
			name = mafiaUITests;
			productName = mafiaUITests;
			productReference = 68B37B522B7306EB00C899CE /* mafiaUITests.xctest */;
			productType = "com.apple.product-type.bundle.ui-testing";
		};
/* End PBXNativeTarget section */

/* Begin PBXProject section */
		68B37B2D2B7306EA00C899CE /* Project object */ = {
			isa = PBXProject;
			attributes = {
				BuildIndependentTargetsInParallel = 1;
				LastSwiftUpdateCheck = 1520;
				LastUpgradeCheck = 1520;
				TargetAttributes = {
					68B37B342B7306EA00C899CE = {
						CreatedOnToolsVersion = 15.2;
					};
					68B37B472B7306EB00C899CE = {
						CreatedOnToolsVersion = 15.2;
						TestTargetID = 68B37B342B7306EA00C899CE;
					};
					68B37B512B7306EB00C899CE = {
						CreatedOnToolsVersion = 15.2;
						TestTargetID = 68B37B342B7306EA00C899CE;
					};
				};
			};
			buildConfigurationList = 68B37B302B7306EA00C899CE /* Build configuration list for PBXProject "mafia" */;
			compatibilityVersion = "Xcode 14.0";
			developmentRegion = en;
			hasScannedForEncodings = 0;
			knownRegions = (
				en,
				Base,
			);
			mainGroup = 68B37B2C2B7306EA00C899CE;
			packageReferences = (
				68FB48B22B9B59F900974225 /* XCRemoteSwiftPackageReference "firebase-ios-sdk" */,
			);
			productRefGroup = 68B37B362B7306EA00C899CE /* Products */;
			projectDirPath = "";
			projectRoot = "";
			targets = (
				68B37B342B7306EA00C899CE /* mafia */,
				68B37B472B7306EB00C899CE /* mafiaTests */,
				68B37B512B7306EB00C899CE /* mafiaUITests */,
			);
		};
/* End PBXProject section */

/* Begin PBXResourcesBuildPhase section */
		68B37B332B7306EA00C899CE /* Resources */ = {
			isa = PBXResourcesBuildPhase;
			buildActionMask = 2147483647;
			files = (
				68B37B432B7306EB00C899CE /* Preview Assets.xcassets in Resources */,
				68B37B3F2B7306EB00C899CE /* Assets.xcassets in Resources */,
				68FB48AF2B9B594D00974225 /* GoogleService-Info.plist in Resources */,
			);
			runOnlyForDeploymentPostprocessing = 0;
		};
		68B37B462B7306EB00C899CE /* Resources */ = {
			isa = PBXResourcesBuildPhase;
			buildActionMask = 2147483647;
			files = (
				68FB48B02B9B594D00974225 /* GoogleService-Info.plist in Resources */,
			);
			runOnlyForDeploymentPostprocessing = 0;
		};
		68B37B502B7306EB00C899CE /* Resources */ = {
			isa = PBXResourcesBuildPhase;
			buildActionMask = 2147483647;
			files = (
				68FB48B12B9B594D00974225 /* GoogleService-Info.plist in Resources */,
			);
			runOnlyForDeploymentPostprocessing = 0;
		};
/* End PBXResourcesBuildPhase section */

/* Begin PBXSourcesBuildPhase section */
		68B37B312B7306EA00C899CE /* Sources */ = {
			isa = PBXSourcesBuildPhase;
			buildActionMask = 2147483647;
			files = (
				680E40782BCC456C0070E491 /* LocalGamePlayManager.swift in Sources */,
				68DA90702BD1D80F008DF5FD /* DetectiveListRowView.swift in Sources */,
				6844125E2B9E8BC700CE81C8 /* PlayerListRowView.swift in Sources */,
				68DA90722BD1D8B6008DF5FD /* DoctorListRowView.swift in Sources */,
				681FB51B2BC9ED74005F2826 /* DayView.swift in Sources */,
				681EA7392BCEFF04000C343C /* WaitingForDayView.swift in Sources */,
				6844125A2B9E42D400CE81C8 /* CreateGameView.swift in Sources */,
				686AEAEC2BD6E7EB005C3D1C /* addFakePlayer.swift in Sources */,
				689761732BDEE960005BB8D0 /* SunsetView.swift in Sources */,
				687F4EA62B9D6F47006B4FDF /* UserDatabaseManager.swift in Sources */,
				68B37B3B2B7306EA00C899CE /* FirstTimeView.swift in Sources */,
				6844125C2B9E447100CE81C8 /* WaitingForPlayersView.swift in Sources */,
				686A78682BD2A1F300CD7DE4 /* VictimListRowView.swift in Sources */,
				680E40802BCC5C2B0070E491 /* CivillianView.swift in Sources */,
				680E407A2BCC5BDD0070E491 /* MafiaView.swift in Sources */,
				687F4EA32B9D6D1C006B4FDF /* JoinGameView.swift in Sources */,
				68B37B3D2B7306EA00C899CE /* Item.swift in Sources */,
				683460CE2B9F52CF0047BA63 /* AuthenticationManager.swift in Sources */,
				684149CA2BD09DFC00838690 /* MafiaListRowView.swift in Sources */,
				68B37B392B7306EA00C899CE /* mafiaApp.swift in Sources */,
				68FB48C32B9B5C6000974225 /* HomeView.swift in Sources */,
				68DA90742BD1DB56008DF5FD /* DayListRowView.swift in Sources */,
				683460D32B9F57370047BA63 /* GameIdManager.swift in Sources */,
				68FB48AD2B9B584300974225 /* CreateProfile.swift in Sources */,
				681FB5192BC9E761005F2826 /* NightRootView.swift in Sources */,
				68FB48BB2B9B5A3500974225 /* RootView.swift in Sources */,
				68AE11F62BDEFA2F000D0CE1 /* SunriseView.swift in Sources */,
				680E407E2BCC5C1F0070E491 /* DoctorView.swift in Sources */,
				682989062B9D938600F1EE2E /* GameDatabaseManager.swift in Sources */,
				680E407C2BCC5BFC0070E491 /* DetectiveView.swift in Sources */,
			);
			runOnlyForDeploymentPostprocessing = 0;
		};
		68B37B442B7306EB00C899CE /* Sources */ = {
			isa = PBXSourcesBuildPhase;
			buildActionMask = 2147483647;
			files = (
				68B37B4D2B7306EB00C899CE /* mafiaTests.swift in Sources */,
			);
			runOnlyForDeploymentPostprocessing = 0;
		};
		68B37B4E2B7306EB00C899CE /* Sources */ = {
			isa = PBXSourcesBuildPhase;
			buildActionMask = 2147483647;
			files = (
				68B37B572B7306EB00C899CE /* mafiaUITests.swift in Sources */,
				68B37B592B7306EB00C899CE /* mafiaUITestsLaunchTests.swift in Sources */,
			);
			runOnlyForDeploymentPostprocessing = 0;
		};
/* End PBXSourcesBuildPhase section */

/* Begin PBXTargetDependency section */
		68B37B4A2B7306EB00C899CE /* PBXTargetDependency */ = {
			isa = PBXTargetDependency;
			target = 68B37B342B7306EA00C899CE /* mafia */;
			targetProxy = 68B37B492B7306EB00C899CE /* PBXContainerItemProxy */;
		};
		68B37B542B7306EB00C899CE /* PBXTargetDependency */ = {
			isa = PBXTargetDependency;
			target = 68B37B342B7306EA00C899CE /* mafia */;
			targetProxy = 68B37B532B7306EB00C899CE /* PBXContainerItemProxy */;
		};
/* End PBXTargetDependency section */

/* Begin XCBuildConfiguration section */
		68B37B5A2B7306EB00C899CE /* Debug */ = {
			isa = XCBuildConfiguration;
			buildSettings = {
				ALWAYS_SEARCH_USER_PATHS = NO;
				ASSETCATALOG_COMPILER_GENERATE_SWIFT_ASSET_SYMBOL_EXTENSIONS = YES;
				CLANG_ANALYZER_NONNULL = YES;
				CLANG_ANALYZER_NUMBER_OBJECT_CONVERSION = YES_AGGRESSIVE;
				CLANG_CXX_LANGUAGE_STANDARD = "gnu++20";
				CLANG_ENABLE_MODULES = YES;
				CLANG_ENABLE_OBJC_ARC = YES;
				CLANG_ENABLE_OBJC_WEAK = YES;
				CLANG_WARN_BLOCK_CAPTURE_AUTORELEASING = YES;
				CLANG_WARN_BOOL_CONVERSION = YES;
				CLANG_WARN_COMMA = YES;
				CLANG_WARN_CONSTANT_CONVERSION = YES;
				CLANG_WARN_DEPRECATED_OBJC_IMPLEMENTATIONS = YES;
				CLANG_WARN_DIRECT_OBJC_ISA_USAGE = YES_ERROR;
				CLANG_WARN_DOCUMENTATION_COMMENTS = YES;
				CLANG_WARN_EMPTY_BODY = YES;
				CLANG_WARN_ENUM_CONVERSION = YES;
				CLANG_WARN_INFINITE_RECURSION = YES;
				CLANG_WARN_INT_CONVERSION = YES;
				CLANG_WARN_NON_LITERAL_NULL_CONVERSION = YES;
				CLANG_WARN_OBJC_IMPLICIT_RETAIN_SELF = YES;
				CLANG_WARN_OBJC_LITERAL_CONVERSION = YES;
				CLANG_WARN_OBJC_ROOT_CLASS = YES_ERROR;
				CLANG_WARN_QUOTED_INCLUDE_IN_FRAMEWORK_HEADER = YES;
				CLANG_WARN_RANGE_LOOP_ANALYSIS = YES;
				CLANG_WARN_STRICT_PROTOTYPES = YES;
				CLANG_WARN_SUSPICIOUS_MOVE = YES;
				CLANG_WARN_UNGUARDED_AVAILABILITY = YES_AGGRESSIVE;
				CLANG_WARN_UNREACHABLE_CODE = YES;
				CLANG_WARN__DUPLICATE_METHOD_MATCH = YES;
				COPY_PHASE_STRIP = NO;
				DEBUG_INFORMATION_FORMAT = dwarf;
				ENABLE_STRICT_OBJC_MSGSEND = YES;
				ENABLE_TESTABILITY = YES;
				ENABLE_USER_SCRIPT_SANDBOXING = YES;
				GCC_C_LANGUAGE_STANDARD = gnu17;
				GCC_DYNAMIC_NO_PIC = NO;
				GCC_NO_COMMON_BLOCKS = YES;
				GCC_OPTIMIZATION_LEVEL = 0;
				GCC_PREPROCESSOR_DEFINITIONS = (
					"DEBUG=1",
					"$(inherited)",
				);
				GCC_WARN_64_TO_32_BIT_CONVERSION = YES;
				GCC_WARN_ABOUT_RETURN_TYPE = YES_ERROR;
				GCC_WARN_UNDECLARED_SELECTOR = YES;
				GCC_WARN_UNINITIALIZED_AUTOS = YES_AGGRESSIVE;
				GCC_WARN_UNUSED_FUNCTION = YES;
				GCC_WARN_UNUSED_VARIABLE = YES;
				LOCALIZATION_PREFERS_STRING_CATALOGS = YES;
				MTL_ENABLE_DEBUG_INFO = INCLUDE_SOURCE;
				MTL_FAST_MATH = YES;
				ONLY_ACTIVE_ARCH = YES;
				SWIFT_ACTIVE_COMPILATION_CONDITIONS = "DEBUG $(inherited)";
				SWIFT_OPTIMIZATION_LEVEL = "-Onone";
			};
			name = Debug;
		};
		68B37B5B2B7306EB00C899CE /* Release */ = {
			isa = XCBuildConfiguration;
			buildSettings = {
				ALWAYS_SEARCH_USER_PATHS = NO;
				ASSETCATALOG_COMPILER_GENERATE_SWIFT_ASSET_SYMBOL_EXTENSIONS = YES;
				CLANG_ANALYZER_NONNULL = YES;
				CLANG_ANALYZER_NUMBER_OBJECT_CONVERSION = YES_AGGRESSIVE;
				CLANG_CXX_LANGUAGE_STANDARD = "gnu++20";
				CLANG_ENABLE_MODULES = YES;
				CLANG_ENABLE_OBJC_ARC = YES;
				CLANG_ENABLE_OBJC_WEAK = YES;
				CLANG_WARN_BLOCK_CAPTURE_AUTORELEASING = YES;
				CLANG_WARN_BOOL_CONVERSION = YES;
				CLANG_WARN_COMMA = YES;
				CLANG_WARN_CONSTANT_CONVERSION = YES;
				CLANG_WARN_DEPRECATED_OBJC_IMPLEMENTATIONS = YES;
				CLANG_WARN_DIRECT_OBJC_ISA_USAGE = YES_ERROR;
				CLANG_WARN_DOCUMENTATION_COMMENTS = YES;
				CLANG_WARN_EMPTY_BODY = YES;
				CLANG_WARN_ENUM_CONVERSION = YES;
				CLANG_WARN_INFINITE_RECURSION = YES;
				CLANG_WARN_INT_CONVERSION = YES;
				CLANG_WARN_NON_LITERAL_NULL_CONVERSION = YES;
				CLANG_WARN_OBJC_IMPLICIT_RETAIN_SELF = YES;
				CLANG_WARN_OBJC_LITERAL_CONVERSION = YES;
				CLANG_WARN_OBJC_ROOT_CLASS = YES_ERROR;
				CLANG_WARN_QUOTED_INCLUDE_IN_FRAMEWORK_HEADER = YES;
				CLANG_WARN_RANGE_LOOP_ANALYSIS = YES;
				CLANG_WARN_STRICT_PROTOTYPES = YES;
				CLANG_WARN_SUSPICIOUS_MOVE = YES;
				CLANG_WARN_UNGUARDED_AVAILABILITY = YES_AGGRESSIVE;
				CLANG_WARN_UNREACHABLE_CODE = YES;
				CLANG_WARN__DUPLICATE_METHOD_MATCH = YES;
				COPY_PHASE_STRIP = NO;
				DEBUG_INFORMATION_FORMAT = "dwarf-with-dsym";
				ENABLE_NS_ASSERTIONS = NO;
				ENABLE_STRICT_OBJC_MSGSEND = YES;
				ENABLE_USER_SCRIPT_SANDBOXING = YES;
				GCC_C_LANGUAGE_STANDARD = gnu17;
				GCC_NO_COMMON_BLOCKS = YES;
				GCC_WARN_64_TO_32_BIT_CONVERSION = YES;
				GCC_WARN_ABOUT_RETURN_TYPE = YES_ERROR;
				GCC_WARN_UNDECLARED_SELECTOR = YES;
				GCC_WARN_UNINITIALIZED_AUTOS = YES_AGGRESSIVE;
				GCC_WARN_UNUSED_FUNCTION = YES;
				GCC_WARN_UNUSED_VARIABLE = YES;
				LOCALIZATION_PREFERS_STRING_CATALOGS = YES;
				MTL_ENABLE_DEBUG_INFO = NO;
				MTL_FAST_MATH = YES;
				SWIFT_COMPILATION_MODE = wholemodule;
			};
			name = Release;
		};
		68B37B5D2B7306EB00C899CE /* Debug */ = {
			isa = XCBuildConfiguration;
			buildSettings = {
				ASSETCATALOG_COMPILER_APPICON_NAME = AppIcon;
				ASSETCATALOG_COMPILER_GLOBAL_ACCENT_COLOR_NAME = AccentColor;
				CODE_SIGN_ENTITLEMENTS = mafia/mafia.entitlements;
				CODE_SIGN_STYLE = Automatic;
				CURRENT_PROJECT_VERSION = 1;
				DEVELOPMENT_ASSET_PATHS = "\"mafia/Preview Content\"";
				DEVELOPMENT_TEAM = 9QA7D7HM39;
				ENABLE_HARDENED_RUNTIME = YES;
				ENABLE_PREVIEWS = YES;
				GENERATE_INFOPLIST_FILE = YES;
				"INFOPLIST_KEY_UIApplicationSceneManifest_Generation[sdk=iphoneos*]" = YES;
				"INFOPLIST_KEY_UIApplicationSceneManifest_Generation[sdk=iphonesimulator*]" = YES;
				"INFOPLIST_KEY_UIApplicationSupportsIndirectInputEvents[sdk=iphoneos*]" = YES;
				"INFOPLIST_KEY_UIApplicationSupportsIndirectInputEvents[sdk=iphonesimulator*]" = YES;
				"INFOPLIST_KEY_UILaunchScreen_Generation[sdk=iphoneos*]" = YES;
				"INFOPLIST_KEY_UILaunchScreen_Generation[sdk=iphonesimulator*]" = YES;
				"INFOPLIST_KEY_UIStatusBarStyle[sdk=iphoneos*]" = UIStatusBarStyleDefault;
				"INFOPLIST_KEY_UIStatusBarStyle[sdk=iphonesimulator*]" = UIStatusBarStyleDefault;
				INFOPLIST_KEY_UISupportedInterfaceOrientations_iPad = "UIInterfaceOrientationPortrait UIInterfaceOrientationPortraitUpsideDown UIInterfaceOrientationLandscapeLeft UIInterfaceOrientationLandscapeRight";
				INFOPLIST_KEY_UISupportedInterfaceOrientations_iPhone = "UIInterfaceOrientationPortrait UIInterfaceOrientationLandscapeLeft UIInterfaceOrientationLandscapeRight";
				IPHONEOS_DEPLOYMENT_TARGET = 17.2;
				LD_RUNPATH_SEARCH_PATHS = "@executable_path/Frameworks";
				"LD_RUNPATH_SEARCH_PATHS[sdk=macosx*]" = "@executable_path/../Frameworks";
				MACOSX_DEPLOYMENT_TARGET = 14.0;
				MARKETING_VERSION = 1.0;
				PRODUCT_BUNDLE_IDENTIFIER = sf.mafia;
				PRODUCT_NAME = "$(TARGET_NAME)";
				SDKROOT = auto;
				SUPPORTED_PLATFORMS = "iphoneos iphonesimulator macosx";
				SWIFT_EMIT_LOC_STRINGS = YES;
				SWIFT_VERSION = 5.0;
				TARGETED_DEVICE_FAMILY = "1,2";
			};
			name = Debug;
		};
		68B37B5E2B7306EB00C899CE /* Release */ = {
			isa = XCBuildConfiguration;
			buildSettings = {
				ASSETCATALOG_COMPILER_APPICON_NAME = AppIcon;
				ASSETCATALOG_COMPILER_GLOBAL_ACCENT_COLOR_NAME = AccentColor;
				CODE_SIGN_ENTITLEMENTS = mafia/mafia.entitlements;
				CODE_SIGN_STYLE = Automatic;
				CURRENT_PROJECT_VERSION = 1;
				DEVELOPMENT_ASSET_PATHS = "\"mafia/Preview Content\"";
				DEVELOPMENT_TEAM = 9QA7D7HM39;
				ENABLE_HARDENED_RUNTIME = YES;
				ENABLE_PREVIEWS = YES;
				GENERATE_INFOPLIST_FILE = YES;
				"INFOPLIST_KEY_UIApplicationSceneManifest_Generation[sdk=iphoneos*]" = YES;
				"INFOPLIST_KEY_UIApplicationSceneManifest_Generation[sdk=iphonesimulator*]" = YES;
				"INFOPLIST_KEY_UIApplicationSupportsIndirectInputEvents[sdk=iphoneos*]" = YES;
				"INFOPLIST_KEY_UIApplicationSupportsIndirectInputEvents[sdk=iphonesimulator*]" = YES;
				"INFOPLIST_KEY_UILaunchScreen_Generation[sdk=iphoneos*]" = YES;
				"INFOPLIST_KEY_UILaunchScreen_Generation[sdk=iphonesimulator*]" = YES;
				"INFOPLIST_KEY_UIStatusBarStyle[sdk=iphoneos*]" = UIStatusBarStyleDefault;
				"INFOPLIST_KEY_UIStatusBarStyle[sdk=iphonesimulator*]" = UIStatusBarStyleDefault;
				INFOPLIST_KEY_UISupportedInterfaceOrientations_iPad = "UIInterfaceOrientationPortrait UIInterfaceOrientationPortraitUpsideDown UIInterfaceOrientationLandscapeLeft UIInterfaceOrientationLandscapeRight";
				INFOPLIST_KEY_UISupportedInterfaceOrientations_iPhone = "UIInterfaceOrientationPortrait UIInterfaceOrientationLandscapeLeft UIInterfaceOrientationLandscapeRight";
				IPHONEOS_DEPLOYMENT_TARGET = 17.2;
				LD_RUNPATH_SEARCH_PATHS = "@executable_path/Frameworks";
				"LD_RUNPATH_SEARCH_PATHS[sdk=macosx*]" = "@executable_path/../Frameworks";
				MACOSX_DEPLOYMENT_TARGET = 14.0;
				MARKETING_VERSION = 1.0;
				PRODUCT_BUNDLE_IDENTIFIER = sf.mafia;
				PRODUCT_NAME = "$(TARGET_NAME)";
				SDKROOT = auto;
				SUPPORTED_PLATFORMS = "iphoneos iphonesimulator macosx";
				SWIFT_EMIT_LOC_STRINGS = YES;
				SWIFT_VERSION = 5.0;
				TARGETED_DEVICE_FAMILY = "1,2";
			};
			name = Release;
		};
		68B37B602B7306EB00C899CE /* Debug */ = {
			isa = XCBuildConfiguration;
			buildSettings = {
				ALWAYS_EMBED_SWIFT_STANDARD_LIBRARIES = YES;
				BUNDLE_LOADER = "$(TEST_HOST)";
				CODE_SIGN_STYLE = Automatic;
				CURRENT_PROJECT_VERSION = 1;
				DEVELOPMENT_TEAM = 9QA7D7HM39;
				GENERATE_INFOPLIST_FILE = YES;
				IPHONEOS_DEPLOYMENT_TARGET = 17.2;
				MACOSX_DEPLOYMENT_TARGET = 14.2;
				MARKETING_VERSION = 1.0;
				PRODUCT_BUNDLE_IDENTIFIER = sf.mafiaTests;
				PRODUCT_NAME = "$(TARGET_NAME)";
				SDKROOT = auto;
				SUPPORTED_PLATFORMS = "iphoneos iphonesimulator macosx";
				SWIFT_EMIT_LOC_STRINGS = NO;
				SWIFT_VERSION = 5.0;
				TARGETED_DEVICE_FAMILY = "1,2";
				TEST_HOST = "$(BUILT_PRODUCTS_DIR)/mafia.app/$(BUNDLE_EXECUTABLE_FOLDER_PATH)/mafia";
			};
			name = Debug;
		};
		68B37B612B7306EB00C899CE /* Release */ = {
			isa = XCBuildConfiguration;
			buildSettings = {
				ALWAYS_EMBED_SWIFT_STANDARD_LIBRARIES = YES;
				BUNDLE_LOADER = "$(TEST_HOST)";
				CODE_SIGN_STYLE = Automatic;
				CURRENT_PROJECT_VERSION = 1;
				DEVELOPMENT_TEAM = 9QA7D7HM39;
				GENERATE_INFOPLIST_FILE = YES;
				IPHONEOS_DEPLOYMENT_TARGET = 17.2;
				MACOSX_DEPLOYMENT_TARGET = 14.2;
				MARKETING_VERSION = 1.0;
				PRODUCT_BUNDLE_IDENTIFIER = sf.mafiaTests;
				PRODUCT_NAME = "$(TARGET_NAME)";
				SDKROOT = auto;
				SUPPORTED_PLATFORMS = "iphoneos iphonesimulator macosx";
				SWIFT_EMIT_LOC_STRINGS = NO;
				SWIFT_VERSION = 5.0;
				TARGETED_DEVICE_FAMILY = "1,2";
				TEST_HOST = "$(BUILT_PRODUCTS_DIR)/mafia.app/$(BUNDLE_EXECUTABLE_FOLDER_PATH)/mafia";
			};
			name = Release;
		};
		68B37B632B7306EB00C899CE /* Debug */ = {
			isa = XCBuildConfiguration;
			buildSettings = {
				ALWAYS_EMBED_SWIFT_STANDARD_LIBRARIES = YES;
				CODE_SIGN_STYLE = Automatic;
				CURRENT_PROJECT_VERSION = 1;
				DEVELOPMENT_TEAM = 9QA7D7HM39;
				GENERATE_INFOPLIST_FILE = YES;
				IPHONEOS_DEPLOYMENT_TARGET = 17.2;
				MACOSX_DEPLOYMENT_TARGET = 14.2;
				MARKETING_VERSION = 1.0;
				PRODUCT_BUNDLE_IDENTIFIER = sf.mafiaUITests;
				PRODUCT_NAME = "$(TARGET_NAME)";
				SDKROOT = auto;
				SUPPORTED_PLATFORMS = "iphoneos iphonesimulator macosx";
				SWIFT_EMIT_LOC_STRINGS = NO;
				SWIFT_VERSION = 5.0;
				TARGETED_DEVICE_FAMILY = "1,2";
				TEST_TARGET_NAME = mafia;
			};
			name = Debug;
		};
		68B37B642B7306EB00C899CE /* Release */ = {
			isa = XCBuildConfiguration;
			buildSettings = {
				ALWAYS_EMBED_SWIFT_STANDARD_LIBRARIES = YES;
				CODE_SIGN_STYLE = Automatic;
				CURRENT_PROJECT_VERSION = 1;
				DEVELOPMENT_TEAM = 9QA7D7HM39;
				GENERATE_INFOPLIST_FILE = YES;
				IPHONEOS_DEPLOYMENT_TARGET = 17.2;
				MACOSX_DEPLOYMENT_TARGET = 14.2;
				MARKETING_VERSION = 1.0;
				PRODUCT_BUNDLE_IDENTIFIER = sf.mafiaUITests;
				PRODUCT_NAME = "$(TARGET_NAME)";
				SDKROOT = auto;
				SUPPORTED_PLATFORMS = "iphoneos iphonesimulator macosx";
				SWIFT_EMIT_LOC_STRINGS = NO;
				SWIFT_VERSION = 5.0;
				TARGETED_DEVICE_FAMILY = "1,2";
				TEST_TARGET_NAME = mafia;
			};
			name = Release;
		};
/* End XCBuildConfiguration section */

/* Begin XCConfigurationList section */
		68B37B302B7306EA00C899CE /* Build configuration list for PBXProject "mafia" */ = {
			isa = XCConfigurationList;
			buildConfigurations = (
				68B37B5A2B7306EB00C899CE /* Debug */,
				68B37B5B2B7306EB00C899CE /* Release */,
			);
			defaultConfigurationIsVisible = 0;
			defaultConfigurationName = Release;
		};
		68B37B5C2B7306EB00C899CE /* Build configuration list for PBXNativeTarget "mafia" */ = {
			isa = XCConfigurationList;
			buildConfigurations = (
				68B37B5D2B7306EB00C899CE /* Debug */,
				68B37B5E2B7306EB00C899CE /* Release */,
			);
			defaultConfigurationIsVisible = 0;
			defaultConfigurationName = Release;
		};
		68B37B5F2B7306EB00C899CE /* Build configuration list for PBXNativeTarget "mafiaTests" */ = {
			isa = XCConfigurationList;
			buildConfigurations = (
				68B37B602B7306EB00C899CE /* Debug */,
				68B37B612B7306EB00C899CE /* Release */,
			);
			defaultConfigurationIsVisible = 0;
			defaultConfigurationName = Release;
		};
		68B37B622B7306EB00C899CE /* Build configuration list for PBXNativeTarget "mafiaUITests" */ = {
			isa = XCConfigurationList;
			buildConfigurations = (
				68B37B632B7306EB00C899CE /* Debug */,
				68B37B642B7306EB00C899CE /* Release */,
			);
			defaultConfigurationIsVisible = 0;
			defaultConfigurationName = Release;
		};
/* End XCConfigurationList section */

/* Begin XCRemoteSwiftPackageReference section */
		68FB48B22B9B59F900974225 /* XCRemoteSwiftPackageReference "firebase-ios-sdk" */ = {
			isa = XCRemoteSwiftPackageReference;
			repositoryURL = "https://github.com/firebase/firebase-ios-sdk";
			requirement = {
				kind = upToNextMajorVersion;
				minimumVersion = 10.22.1;
			};
		};
/* End XCRemoteSwiftPackageReference section */

/* Begin XCSwiftPackageProductDependency section */
		687162402B9D6559000C4674 /* FirebaseFirestore */ = {
			isa = XCSwiftPackageProductDependency;
			package = 68FB48B22B9B59F900974225 /* XCRemoteSwiftPackageReference "firebase-ios-sdk" */;
			productName = FirebaseFirestore;
		};
		687162422B9D6559000C4674 /* FirebaseFirestoreSwift */ = {
			isa = XCSwiftPackageProductDependency;
			package = 68FB48B22B9B59F900974225 /* XCRemoteSwiftPackageReference "firebase-ios-sdk" */;
			productName = FirebaseFirestoreSwift;
		};
		68FB48B32B9B59F900974225 /* FirebaseAnalytics */ = {
			isa = XCSwiftPackageProductDependency;
			package = 68FB48B22B9B59F900974225 /* XCRemoteSwiftPackageReference "firebase-ios-sdk" */;
			productName = FirebaseAnalytics;
		};
		68FB48B52B9B59F900974225 /* FirebaseAnalyticsSwift */ = {
			isa = XCSwiftPackageProductDependency;
			package = 68FB48B22B9B59F900974225 /* XCRemoteSwiftPackageReference "firebase-ios-sdk" */;
			productName = FirebaseAnalyticsSwift;
		};
		68FB48B82B9B5A1700974225 /* FirebaseAuth */ = {
			isa = XCSwiftPackageProductDependency;
			package = 68FB48B22B9B59F900974225 /* XCRemoteSwiftPackageReference "firebase-ios-sdk" */;
			productName = FirebaseAuth;
		};
/* End XCSwiftPackageProductDependency section */
	};
	rootObject = 68B37B2D2B7306EA00C899CE /* Project object */;
}
